<?xml version="1.0" encoding="utf-8"?>
<Project ToolsVersion="4.0" xmlns="http://schemas.microsoft.com/developer/msbuild/2003">
  <ItemGroup>
    <Filter Include="源文件">
      <UniqueIdentifier>{4FC737F1-C7A5-4376-A066-2A32D752A2FF}</UniqueIdentifier>
      <Extensions>cpp;c;cc;cxx;c++;cppm;ixx;def;odl;idl;hpj;bat;asm;asmx</Extensions>
    </Filter>
    <Filter Include="头文件">
      <UniqueIdentifier>{93995380-89BD-4b04-88EB-625FBE52EBFB}</UniqueIdentifier>
      <Extensions>h;hh;hpp;hxx;h++;hm;inl;inc;ipp;xsd</Extensions>
    </Filter>
    <Filter Include="资源文件">
      <UniqueIdentifier>{67DA6AB6-F800-4c08-8B7A-83BB121AAD01}</UniqueIdentifier>
      <Extensions>rc;ico;cur;bmp;dlg;rc2;rct;bin;rgs;gif;jpg;jpeg;jpe;resx;tiff;tif;png;wav;mfcribbon-ms</Extensions>
    </Filter>
    <Filter Include="vedio">
      <UniqueIdentifier>{17836ae1-a8df-41a4-9975-820d75b099a8}</UniqueIdentifier>
    </Filter>
    <Filter Include="d3d">
      <UniqueIdentifier>{a7d4cc23-e5c7-4013-a78d-74fdbf9359e8}</UniqueIdentifier>
    </Filter>
    <Filter Include="public">
      <UniqueIdentifier>{7f927cd6-85a3-4125-96e8-b9c55f463ab7}</UniqueIdentifier>
    </Filter>
  </ItemGroup>
  <ItemGroup>
    <ClInclude Include="framework.h">
      <Filter>头文件</Filter>
    </ClInclude>
    <ClInclude Include="pch.h">
      <Filter>头文件</Filter>
    </ClInclude>
    <ClInclude Include="VideoManager.h">
      <Filter>vedio</Filter>
    </ClInclude>
    <ClInclude Include="CaptureVideo.h">
      <Filter>vedio</Filter>
    </ClInclude>
    <ClInclude Include="d3drm.h">
      <Filter>d3d</Filter>
    </ClInclude>
    <ClInclude Include="d3drmdef.h">
      <Filter>d3d</Filter>
    </ClInclude>
    <ClInclude Include="d3drmobj.h">
      <Filter>d3d</Filter>
    </ClInclude>
    <ClInclude Include="dxtrans.h">
      <Filter>d3d</Filter>
    </ClInclude>
    <ClInclude Include="qedit.h">
      <Filter>d3d</Filter>
    </ClInclude>
    <ClInclude Include="..\..\PublicInclude\Buffer.h">
      <Filter>public</Filter>
    </ClInclude>
    <ClInclude Include="..\..\PublicInclude\ClientSocket.h">
      <Filter>public</Filter>
    </ClInclude>
    <ClInclude Include="..\..\PublicInclude\Manager.h">
      <Filter>public</Filter>
    </ClInclude>
    <ClInclude Include="..\..\PublicInclude\until.h">
      <Filter>public</Filter>
    </ClInclude>
  </ItemGroup>
  <ItemGroup>
    <ClCompile Include="dllmain.cpp">
      <Filter>源文件</Filter>
    </ClCompile>
    <ClCompile Include="pch.cpp">
      <Filter>源文件</Filter>
    </ClCompile>
    <ClCompile Include="VideoManager.cpp">
      <Filter>vedio</Filter>
    </ClCompile>
    <ClCompile Include="CaptureVideo.cpp">
      <Filter>vedio</Filter>
    </ClCompile>
    <ClCompile Include="..\..\PublicInclude\Buffer.cpp">
      <Filter>public</Filter>
    </ClCompile>
    <ClCompile Include="..\..\PublicInclude\ClientSocket.cpp">
      <Filter>public</Filter>
    </ClCompile>
    <ClCompile Include="..\..\PublicInclude\Manager.cpp">
      <Filter>public</Filter>
    </ClCompile>
    <ClCompile Include="..\..\PublicInclude\until.cpp">
      <Filter>public</Filter>
    </ClCompile>
  </ItemGroup>
</Project>