
Microsoft Visual Studio Solution File, Format Version 12.00
# Visual Studio Version 16
VisualStudioVersion = 16.0.32126.315
MinimumVisualStudioVersion = 10.0.40219.1
Project("{8BC9CEB8-8B4A-11D0-8D11-00A0C91BC942}") = "终端管理", "终端管理\终端管理.vcxproj", "{6326625F-A92B-42BA-8ADA-79386B2908AC}"
EndProject
Project("{8BC9CEB8-8B4A-11D0-8D11-00A0C91BC942}") = "系统管理", "..\系统管理\系统管理.vcxproj", "{5E61F6E5-BBA3-4204-B3DD-13876B9A3971}"
EndProject
Project("{8BC9CEB8-8B4A-11D0-8D11-00A0C91BC942}") = "服务管理", "..\服务管理\服务管理.vcxproj", "{D2E06B0E-A13B-4198-BCC8-48AC559C0E7E}"
EndProject
Project("{8BC9CEB8-8B4A-11D0-8D11-00A0C91BC942}") = "注册表", "..\注册表\注册表.vcxproj", "{25DE7FC0-40EF-4CE2-A16E-7E4C9EB5ABF7}"
EndProject
Project("{8BC9CEB8-8B4A-11D0-8D11-00A0C91BC942}") = "文件管理", "..\文件管理\文件管理.vcxproj", "{A61CA67C-8788-44D9-AC63-F96BEE4042A2}"
EndProject
Project("{8BC9CEB8-8B4A-11D0-8D11-00A0C91BC942}") = "屏幕控制", "..\屏幕控制\屏幕控制.vcxproj", "{850D0D94-0336-4FDA-8AF5-406EA09E88AC}"
EndProject
Project("{8BC9CEB8-8B4A-11D0-8D11-00A0C91BC942}") = "扬声器", "..\扬声器\扬声器.vcxproj", "{51DE8003-56E8-45E0-A9D9-D146D796A0D2}"
EndProject
Project("{8BC9CEB8-8B4A-11D0-8D11-00A0C91BC942}") = "麦克风", "..\麦克风\麦克风\麦克风.vcxproj", "{59E1EDE6-72BD-4978-B715-6137C10ED59E}"
EndProject
Project("{8BC9CEB8-8B4A-11D0-8D11-00A0C91BC942}") = "视频监控", "..\视频监控\视频监控.vcxproj", "{937FF858-8D6D-4E4C-A86C-475EF1BCC7E3}"
EndProject
Project("{8BC9CEB8-8B4A-11D0-8D11-00A0C91BC942}") = "主机信息", "..\主机信息\主机信息.vcxproj", "{1C3FF91A-83BF-443B-A6C3-C0F583B46F9B}"
EndProject
Project("{8BC9CEB8-8B4A-11D0-8D11-00A0C91BC942}") = "上线模块", "..\上线模块\上线模块.vcxproj", "{5DACFA29-8345-4ADC-93AA-8C64F39C331B}"
EndProject
Project("{8BC9CEB8-8B4A-11D0-8D11-00A0C91BC942}") = "计划任务", "..\计划任务\计划任务.vcxproj", "{EA18B730-9AE4-4659-9D16-C76D7DD0DEE8}"
EndProject
Project("{8BC9CEB8-8B4A-11D0-8D11-00A0C91BC942}") = "make", "..\make\make.vcxproj", "{3828E91B-18FF-4D9F-9A38-42E9D73D5BFF}"
EndProject
Project("{8BC9CEB8-8B4A-11D0-8D11-00A0C91BC942}") = "键盘记录", "..\键盘记录\键盘记录.vcxproj", "{1827349A-C45D-49E4-853F-A30551311229}"
EndProject
Project("{8BC9CEB8-8B4A-11D0-8D11-00A0C91BC942}") = "后台桌面", "..\后台桌面\后台桌面\后台桌面.vcxproj", "{F7956F0E-3CFA-4645-820F-6761874160DC}"
EndProject
Project("{8BC9CEB8-8B4A-11D0-8D11-00A0C91BC942}") = "小功能", "..\小功能\小功能.vcxproj", "{D6851E46-1F23-46B3-91FA-7AFDEB433DF1}"
EndProject
Project("{8BC9CEB8-8B4A-11D0-8D11-00A0C91BC942}") = "老式屏幕", "..\老式屏幕\老式屏幕.vcxproj", "{172E4DCF-4925-4019-92E0-67AE836B6680}"
EndProject
Global
	GlobalSection(SolutionConfigurationPlatforms) = preSolution
		Debug|x64 = Debug|x64
		Debug|x86 = Debug|x86
		Release|x64 = Release|x64
		Release|x86 = Release|x86
	EndGlobalSection
	GlobalSection(ProjectConfigurationPlatforms) = postSolution
		{6326625F-A92B-42BA-8ADA-79386B2908AC}.Debug|x64.ActiveCfg = Debug|x64
		{6326625F-A92B-42BA-8ADA-79386B2908AC}.Debug|x64.Build.0 = Debug|x64
		{6326625F-A92B-42BA-8ADA-79386B2908AC}.Debug|x86.ActiveCfg = Debug|Win32
		{6326625F-A92B-42BA-8ADA-79386B2908AC}.Debug|x86.Build.0 = Debug|Win32
		{6326625F-A92B-42BA-8ADA-79386B2908AC}.Release|x64.ActiveCfg = Release|x64
		{6326625F-A92B-42BA-8ADA-79386B2908AC}.Release|x64.Build.0 = Release|x64
		{6326625F-A92B-42BA-8ADA-79386B2908AC}.Release|x86.ActiveCfg = Release|Win32
		{6326625F-A92B-42BA-8ADA-79386B2908AC}.Release|x86.Build.0 = Release|Win32
		{5E61F6E5-BBA3-4204-B3DD-13876B9A3971}.Debug|x64.ActiveCfg = Debug|x64
		{5E61F6E5-BBA3-4204-B3DD-13876B9A3971}.Debug|x64.Build.0 = Debug|x64
		{5E61F6E5-BBA3-4204-B3DD-13876B9A3971}.Debug|x86.ActiveCfg = Debug|Win32
		{5E61F6E5-BBA3-4204-B3DD-13876B9A3971}.Debug|x86.Build.0 = Debug|Win32
		{5E61F6E5-BBA3-4204-B3DD-13876B9A3971}.Release|x64.ActiveCfg = Release|x64
		{5E61F6E5-BBA3-4204-B3DD-13876B9A3971}.Release|x64.Build.0 = Release|x64
		{5E61F6E5-BBA3-4204-B3DD-13876B9A3971}.Release|x86.ActiveCfg = Release|Win32
		{5E61F6E5-BBA3-4204-B3DD-13876B9A3971}.Release|x86.Build.0 = Release|Win32
		{D2E06B0E-A13B-4198-BCC8-48AC559C0E7E}.Debug|x64.ActiveCfg = Debug|x64
		{D2E06B0E-A13B-4198-BCC8-48AC559C0E7E}.Debug|x64.Build.0 = Debug|x64
		{D2E06B0E-A13B-4198-BCC8-48AC559C0E7E}.Debug|x86.ActiveCfg = Debug|Win32
		{D2E06B0E-A13B-4198-BCC8-48AC559C0E7E}.Debug|x86.Build.0 = Debug|Win32
		{D2E06B0E-A13B-4198-BCC8-48AC559C0E7E}.Release|x64.ActiveCfg = Release|x64
		{D2E06B0E-A13B-4198-BCC8-48AC559C0E7E}.Release|x64.Build.0 = Release|x64
		{D2E06B0E-A13B-4198-BCC8-48AC559C0E7E}.Release|x86.ActiveCfg = Release|Win32
		{D2E06B0E-A13B-4198-BCC8-48AC559C0E7E}.Release|x86.Build.0 = Release|Win32
		{25DE7FC0-40EF-4CE2-A16E-7E4C9EB5ABF7}.Debug|x64.ActiveCfg = Debug|x64
		{25DE7FC0-40EF-4CE2-A16E-7E4C9EB5ABF7}.Debug|x64.Build.0 = Debug|x64
		{25DE7FC0-40EF-4CE2-A16E-7E4C9EB5ABF7}.Debug|x86.ActiveCfg = Debug|Win32
		{25DE7FC0-40EF-4CE2-A16E-7E4C9EB5ABF7}.Debug|x86.Build.0 = Debug|Win32
		{25DE7FC0-40EF-4CE2-A16E-7E4C9EB5ABF7}.Release|x64.ActiveCfg = Release|x64
		{25DE7FC0-40EF-4CE2-A16E-7E4C9EB5ABF7}.Release|x64.Build.0 = Release|x64
		{25DE7FC0-40EF-4CE2-A16E-7E4C9EB5ABF7}.Release|x86.ActiveCfg = Release|Win32
		{25DE7FC0-40EF-4CE2-A16E-7E4C9EB5ABF7}.Release|x86.Build.0 = Release|Win32
		{A61CA67C-8788-44D9-AC63-F96BEE4042A2}.Debug|x64.ActiveCfg = Debug|x64
		{A61CA67C-8788-44D9-AC63-F96BEE4042A2}.Debug|x64.Build.0 = Debug|x64
		{A61CA67C-8788-44D9-AC63-F96BEE4042A2}.Debug|x86.ActiveCfg = Debug|Win32
		{A61CA67C-8788-44D9-AC63-F96BEE4042A2}.Debug|x86.Build.0 = Debug|Win32
		{A61CA67C-8788-44D9-AC63-F96BEE4042A2}.Release|x64.ActiveCfg = Release|x64
		{A61CA67C-8788-44D9-AC63-F96BEE4042A2}.Release|x64.Build.0 = Release|x64
		{A61CA67C-8788-44D9-AC63-F96BEE4042A2}.Release|x86.ActiveCfg = Release|Win32
		{A61CA67C-8788-44D9-AC63-F96BEE4042A2}.Release|x86.Build.0 = Release|Win32
		{850D0D94-0336-4FDA-8AF5-406EA09E88AC}.Debug|x64.ActiveCfg = Debug|x64
		{850D0D94-0336-4FDA-8AF5-406EA09E88AC}.Debug|x64.Build.0 = Debug|x64
		{850D0D94-0336-4FDA-8AF5-406EA09E88AC}.Debug|x86.ActiveCfg = Debug|Win32
		{850D0D94-0336-4FDA-8AF5-406EA09E88AC}.Debug|x86.Build.0 = Debug|Win32
		{850D0D94-0336-4FDA-8AF5-406EA09E88AC}.Release|x64.ActiveCfg = Release|x64
		{850D0D94-0336-4FDA-8AF5-406EA09E88AC}.Release|x64.Build.0 = Release|x64
		{850D0D94-0336-4FDA-8AF5-406EA09E88AC}.Release|x86.ActiveCfg = Release|Win32
		{850D0D94-0336-4FDA-8AF5-406EA09E88AC}.Release|x86.Build.0 = Release|Win32
		{51DE8003-56E8-45E0-A9D9-D146D796A0D2}.Debug|x64.ActiveCfg = Debug|x64
		{51DE8003-56E8-45E0-A9D9-D146D796A0D2}.Debug|x64.Build.0 = Debug|x64
		{51DE8003-56E8-45E0-A9D9-D146D796A0D2}.Debug|x86.ActiveCfg = Debug|Win32
		{51DE8003-56E8-45E0-A9D9-D146D796A0D2}.Debug|x86.Build.0 = Debug|Win32
		{51DE8003-56E8-45E0-A9D9-D146D796A0D2}.Release|x64.ActiveCfg = Release|x64
		{51DE8003-56E8-45E0-A9D9-D146D796A0D2}.Release|x64.Build.0 = Release|x64
		{51DE8003-56E8-45E0-A9D9-D146D796A0D2}.Release|x86.ActiveCfg = Release|Win32
		{51DE8003-56E8-45E0-A9D9-D146D796A0D2}.Release|x86.Build.0 = Release|Win32
		{59E1EDE6-72BD-4978-B715-6137C10ED59E}.Debug|x64.ActiveCfg = Debug|x64
		{59E1EDE6-72BD-4978-B715-6137C10ED59E}.Debug|x64.Build.0 = Debug|x64
		{59E1EDE6-72BD-4978-B715-6137C10ED59E}.Debug|x86.ActiveCfg = Debug|Win32
		{59E1EDE6-72BD-4978-B715-6137C10ED59E}.Debug|x86.Build.0 = Debug|Win32
		{59E1EDE6-72BD-4978-B715-6137C10ED59E}.Release|x64.ActiveCfg = Release|x64
		{59E1EDE6-72BD-4978-B715-6137C10ED59E}.Release|x64.Build.0 = Release|x64
		{59E1EDE6-72BD-4978-B715-6137C10ED59E}.Release|x86.ActiveCfg = Release|Win32
		{59E1EDE6-72BD-4978-B715-6137C10ED59E}.Release|x86.Build.0 = Release|Win32
		{937FF858-8D6D-4E4C-A86C-475EF1BCC7E3}.Debug|x64.ActiveCfg = Debug|x64
		{937FF858-8D6D-4E4C-A86C-475EF1BCC7E3}.Debug|x64.Build.0 = Debug|x64
		{937FF858-8D6D-4E4C-A86C-475EF1BCC7E3}.Debug|x86.ActiveCfg = Debug|Win32
		{937FF858-8D6D-4E4C-A86C-475EF1BCC7E3}.Debug|x86.Build.0 = Debug|Win32
		{937FF858-8D6D-4E4C-A86C-475EF1BCC7E3}.Release|x64.ActiveCfg = Release|x64
		{937FF858-8D6D-4E4C-A86C-475EF1BCC7E3}.Release|x64.Build.0 = Release|x64
		{937FF858-8D6D-4E4C-A86C-475EF1BCC7E3}.Release|x86.ActiveCfg = Release|Win32
		{937FF858-8D6D-4E4C-A86C-475EF1BCC7E3}.Release|x86.Build.0 = Release|Win32
		{1C3FF91A-83BF-443B-A6C3-C0F583B46F9B}.Debug|x64.ActiveCfg = Debug|x64
		{1C3FF91A-83BF-443B-A6C3-C0F583B46F9B}.Debug|x64.Build.0 = Debug|x64
		{1C3FF91A-83BF-443B-A6C3-C0F583B46F9B}.Debug|x86.ActiveCfg = Debug|Win32
		{1C3FF91A-83BF-443B-A6C3-C0F583B46F9B}.Debug|x86.Build.0 = Debug|Win32
		{1C3FF91A-83BF-443B-A6C3-C0F583B46F9B}.Release|x64.ActiveCfg = Release|x64
		{1C3FF91A-83BF-443B-A6C3-C0F583B46F9B}.Release|x64.Build.0 = Release|x64
		{1C3FF91A-83BF-443B-A6C3-C0F583B46F9B}.Release|x86.ActiveCfg = Release|Win32
		{1C3FF91A-83BF-443B-A6C3-C0F583B46F9B}.Release|x86.Build.0 = Release|Win32
		{5DACFA29-8345-4ADC-93AA-8C64F39C331B}.Debug|x64.ActiveCfg = Debug|x64
		{5DACFA29-8345-4ADC-93AA-8C64F39C331B}.Debug|x64.Build.0 = Debug|x64
		{5DACFA29-8345-4ADC-93AA-8C64F39C331B}.Debug|x86.ActiveCfg = Debug|Win32
		{5DACFA29-8345-4ADC-93AA-8C64F39C331B}.Debug|x86.Build.0 = Debug|Win32
		{5DACFA29-8345-4ADC-93AA-8C64F39C331B}.Release|x64.ActiveCfg = Release|x64
		{5DACFA29-8345-4ADC-93AA-8C64F39C331B}.Release|x64.Build.0 = Release|x64
		{5DACFA29-8345-4ADC-93AA-8C64F39C331B}.Release|x86.ActiveCfg = Release|Win32
		{5DACFA29-8345-4ADC-93AA-8C64F39C331B}.Release|x86.Build.0 = Release|Win32
		{EA18B730-9AE4-4659-9D16-C76D7DD0DEE8}.Debug|x64.ActiveCfg = Debug|x64
		{EA18B730-9AE4-4659-9D16-C76D7DD0DEE8}.Debug|x64.Build.0 = Debug|x64
		{EA18B730-9AE4-4659-9D16-C76D7DD0DEE8}.Debug|x86.ActiveCfg = Debug|Win32
		{EA18B730-9AE4-4659-9D16-C76D7DD0DEE8}.Debug|x86.Build.0 = Debug|Win32
		{EA18B730-9AE4-4659-9D16-C76D7DD0DEE8}.Release|x64.ActiveCfg = Release|x64
		{EA18B730-9AE4-4659-9D16-C76D7DD0DEE8}.Release|x64.Build.0 = Release|x64
		{EA18B730-9AE4-4659-9D16-C76D7DD0DEE8}.Release|x86.ActiveCfg = Release|Win32
		{EA18B730-9AE4-4659-9D16-C76D7DD0DEE8}.Release|x86.Build.0 = Release|Win32
		{3828E91B-18FF-4D9F-9A38-42E9D73D5BFF}.Debug|x64.ActiveCfg = Debug|x64
		{3828E91B-18FF-4D9F-9A38-42E9D73D5BFF}.Debug|x64.Build.0 = Debug|x64
		{3828E91B-18FF-4D9F-9A38-42E9D73D5BFF}.Debug|x86.ActiveCfg = Debug|Win32
		{3828E91B-18FF-4D9F-9A38-42E9D73D5BFF}.Debug|x86.Build.0 = Debug|Win32
		{3828E91B-18FF-4D9F-9A38-42E9D73D5BFF}.Release|x64.ActiveCfg = Release|x64
		{3828E91B-18FF-4D9F-9A38-42E9D73D5BFF}.Release|x64.Build.0 = Release|x64
		{3828E91B-18FF-4D9F-9A38-42E9D73D5BFF}.Release|x86.ActiveCfg = Release|Win32
		{3828E91B-18FF-4D9F-9A38-42E9D73D5BFF}.Release|x86.Build.0 = Release|Win32
		{1827349A-C45D-49E4-853F-A30551311229}.Debug|x64.ActiveCfg = Debug|x64
		{1827349A-C45D-49E4-853F-A30551311229}.Debug|x64.Build.0 = Debug|x64
		{1827349A-C45D-49E4-853F-A30551311229}.Debug|x86.ActiveCfg = Debug|Win32
		{1827349A-C45D-49E4-853F-A30551311229}.Debug|x86.Build.0 = Debug|Win32
		{1827349A-C45D-49E4-853F-A30551311229}.Release|x64.ActiveCfg = Release|x64
		{1827349A-C45D-49E4-853F-A30551311229}.Release|x64.Build.0 = Release|x64
		{1827349A-C45D-49E4-853F-A30551311229}.Release|x86.ActiveCfg = Release|Win32
		{1827349A-C45D-49E4-853F-A30551311229}.Release|x86.Build.0 = Release|Win32
		{F7956F0E-3CFA-4645-820F-6761874160DC}.Debug|x64.ActiveCfg = Debug|x64
		{F7956F0E-3CFA-4645-820F-6761874160DC}.Debug|x64.Build.0 = Debug|x64
		{F7956F0E-3CFA-4645-820F-6761874160DC}.Debug|x86.ActiveCfg = Debug|Win32
		{F7956F0E-3CFA-4645-820F-6761874160DC}.Debug|x86.Build.0 = Debug|Win32
		{F7956F0E-3CFA-4645-820F-6761874160DC}.Release|x64.ActiveCfg = Release|x64
		{F7956F0E-3CFA-4645-820F-6761874160DC}.Release|x64.Build.0 = Release|x64
		{F7956F0E-3CFA-4645-820F-6761874160DC}.Release|x86.ActiveCfg = Release|Win32
		{F7956F0E-3CFA-4645-820F-6761874160DC}.Release|x86.Build.0 = Release|Win32
		{D6851E46-1F23-46B3-91FA-7AFDEB433DF1}.Debug|x64.ActiveCfg = Debug|x64
		{D6851E46-1F23-46B3-91FA-7AFDEB433DF1}.Debug|x64.Build.0 = Debug|x64
		{D6851E46-1F23-46B3-91FA-7AFDEB433DF1}.Debug|x86.ActiveCfg = Debug|Win32
		{D6851E46-1F23-46B3-91FA-7AFDEB433DF1}.Debug|x86.Build.0 = Debug|Win32
		{D6851E46-1F23-46B3-91FA-7AFDEB433DF1}.Release|x64.ActiveCfg = Release|x64
		{D6851E46-1F23-46B3-91FA-7AFDEB433DF1}.Release|x64.Build.0 = Release|x64
		{D6851E46-1F23-46B3-91FA-7AFDEB433DF1}.Release|x86.ActiveCfg = Release|Win32
		{D6851E46-1F23-46B3-91FA-7AFDEB433DF1}.Release|x86.Build.0 = Release|Win32
		{172E4DCF-4925-4019-92E0-67AE836B6680}.Debug|x64.ActiveCfg = Debug|x64
		{172E4DCF-4925-4019-92E0-67AE836B6680}.Debug|x64.Build.0 = Debug|x64
		{172E4DCF-4925-4019-92E0-67AE836B6680}.Debug|x86.ActiveCfg = Debug|Win32
		{172E4DCF-4925-4019-92E0-67AE836B6680}.Debug|x86.Build.0 = Debug|Win32
		{172E4DCF-4925-4019-92E0-67AE836B6680}.Release|x64.ActiveCfg = Release|x64
		{172E4DCF-4925-4019-92E0-67AE836B6680}.Release|x64.Build.0 = Release|x64
		{172E4DCF-4925-4019-92E0-67AE836B6680}.Release|x86.ActiveCfg = Release|Win32
		{172E4DCF-4925-4019-92E0-67AE836B6680}.Release|x86.Build.0 = Release|Win32
	EndGlobalSection
	GlobalSection(SolutionProperties) = preSolution
		HideSolutionNode = FALSE
	EndGlobalSection
	GlobalSection(ExtensibilityGlobals) = postSolution
		SolutionGuid = {ABC2AB81-A0D7-4D8C-A1A0-B8AC0E9B2A4C}
	EndGlobalSection
EndGlobal
